
Microsoft Visual Studio Solution File, Format Version 12.00
# Visual Studio Version 17
VisualStudioVersion = 17.9.34310.174
MinimumVisualStudioVersion = 10.0.40219.1
Project("{2150E333-8FDC-42A3-9474-1A3956D46DE8}") = "Services", "Services", "{CEDA2329-6A9A-4B44-AA18-952A2E3DA650}"
EndProject
Project("{2150E333-8FDC-42A3-9474-1A3956D46DE8}") = "Catalog", "Catalog", "{266BB94D-0BF3-4F06-90D3-9CE57A7932B1}"
EndProject
Project("{9A19103F-16F7-4668-BE54-9A1E7A4F7556}") = "FreeEducation.Services.Catalog", "Services\Catalog\FreeEducation.Services.Catalog\FreeEducation.Services.Catalog.csproj", "{4DA240F2-8434-4377-A37C-7DB423C4BEF2}"
EndProject
Project("{2150E333-8FDC-42A3-9474-1A3956D46DE8}") = "Solution Items", "Solution Items", "{DC77F04C-BDF3-4A65-AE2F-F9664E223EA1}"
	ProjectSection(SolutionItems) = preProject
		Ports.txt = Ports.txt
	EndProjectSection
EndProject
Project("{2150E333-8FDC-42A3-9474-1A3956D46DE8}") = "Shared", "Shared", "{0DE7CADC-094D-41F3-8875-B4B7E13E5C10}"
EndProject
Project("{9A19103F-16F7-4668-BE54-9A1E7A4F7556}") = "FreeEducation.Shared", "Shared\FreeEducation.Shared\FreeEducation.Shared.csproj", "{4F00EF33-04DC-47DC-AE1A-C3B8BB7FE844}"
EndProject
Project("{2150E333-8FDC-42A3-9474-1A3956D46DE8}") = "IdentityServer", "IdentityServer", "{AD248EA5-4DCE-46C3-8F04-301559E27DDD}"
EndProject
Project("{9A19103F-16F7-4668-BE54-9A1E7A4F7556}") = "FreeEducation.IdentityServer", "IdentityServer\FreeEducation.IdentityServer\FreeEducation.IdentityServer.csproj", "{80288784-0909-4D68-8FFF-2379539DCDE7}"
EndProject
Project("{2150E333-8FDC-42A3-9474-1A3956D46DE8}") = "PhotoStock", "PhotoStock", "{188C3DF3-527C-4140-811F-C52F5BC9B49B}"
EndProject
Project("{9A19103F-16F7-4668-BE54-9A1E7A4F7556}") = "FreeEducation.Services.PhotoStock", "Services\PhotoStock\FreeEducation.Services.PhotoStock\FreeEducation.Services.PhotoStock.csproj", "{0FCBFA7F-46B6-4636-88D3-520D4F336270}"
EndProject
Project("{2150E333-8FDC-42A3-9474-1A3956D46DE8}") = "Basket", "Basket", "{CC35A886-625D-4F4A-ABDC-D730A41E18B0}"
EndProject
Project("{9A19103F-16F7-4668-BE54-9A1E7A4F7556}") = "FreeEducation.Services.Basket", "Services\Basket\FreeEducation.Services.Basket\FreeEducation.Services.Basket.csproj", "{D1AD12F5-75EE-4D86-BE7E-8797541D40CF}"
EndProject
Project("{2150E333-8FDC-42A3-9474-1A3956D46DE8}") = "Discount", "Discount", "{7452064F-8088-4B2F-BD72-2F8B8142881F}"
EndProject
Project("{9A19103F-16F7-4668-BE54-9A1E7A4F7556}") = "FreeEducation.Services.Discount", "Services\Discount\FreeEducation.Services.Discount\FreeEducation.Services.Discount.csproj", "{67FA8149-C342-4554-BBD9-650BEBAB1419}"
EndProject
Project("{2150E333-8FDC-42A3-9474-1A3956D46DE8}") = "Order", "Order", "{F1817A71-442F-4186-ABF9-E78BBB598B52}"
EndProject
Project("{9A19103F-16F7-4668-BE54-9A1E7A4F7556}") = "FreeEducation.Services.Order.API", "Services\Order\FreeEducation.Services.Order.API\FreeEducation.Services.Order.API.csproj", "{417E0969-72A5-4974-A3FD-B972FCF001B5}"
EndProject
Project("{9A19103F-16F7-4668-BE54-9A1E7A4F7556}") = "FreeEducation.Services.Order.Application", "Services\Order\FreeEducation.Services.Order.Application\FreeEducation.Services.Order.Application.csproj", "{55122B47-232A-4FD4-AEF0-58CA95FE3EC7}"
EndProject
Project("{9A19103F-16F7-4668-BE54-9A1E7A4F7556}") = "FreeEducation.Services.Order.Domain", "Services\Order\FreeEducation.Services.Order.Domain\FreeEducation.Services.Order.Domain.csproj", "{F77EEE7A-7EEF-4F52-9398-8DE173C1BBC0}"
EndProject
Project("{9A19103F-16F7-4668-BE54-9A1E7A4F7556}") = "FreeEducation.Services.Order.Domain.Core", "Services\Order\FreeEducation.Services.Order.Domain.Core\FreeEducation.Services.Order.Domain.Core.csproj", "{525279AD-C770-4ADF-BC4D-10A2CFC81308}"
EndProject
Project("{9A19103F-16F7-4668-BE54-9A1E7A4F7556}") = "FreeEducation.Services.Order.Infrastructure", "Services\Order\FreeEducation.Services.Order.Infrastructure\FreeEducation.Services.Order.Infrastructure.csproj", "{0FAAC024-2981-4A23-9885-5CC75C068508}"
EndProject
Project("{2150E333-8FDC-42A3-9474-1A3956D46DE8}") = "FakePayment", "FakePayment", "{E2704690-535D-4B21-9731-722008CDE764}"
EndProject
Project("{9A19103F-16F7-4668-BE54-9A1E7A4F7556}") = "FreeEducation.Services.FakePayment", "Services\FakePayment\FreeEducation.Services.FakePayment\FreeEducation.Services.FakePayment.csproj", "{42F8946C-83B3-4686-9C0C-E113A22525AB}"
EndProject
Project("{2150E333-8FDC-42A3-9474-1A3956D46DE8}") = "Gateways", "Gateways", "{9D9CCCB1-BB73-4296-96F7-F7D4FF423D30}"
EndProject
Project("{9A19103F-16F7-4668-BE54-9A1E7A4F7556}") = "FreeEducation.Gateway", "Gateways\FreeEducation.Gateway\FreeEducation.Gateway.csproj", "{642A0615-169F-4D00-9F85-345A408C5ACD}"
EndProject
Project("{2150E333-8FDC-42A3-9474-1A3956D46DE8}") = "Frontends", "Frontends", "{D540C767-225E-4B01-BF43-DDD50077D77B}"
EndProject
Project("{FAE04EC0-301F-11D3-BF4B-00C04F79EFBC}") = "FreeEducation.Web", "Frontends\FreeEducation.Web\FreeEducation.Web.csproj", "{4413976A-FC9A-4F3B-837C-60F81E151266}"
EndProject
Global
	GlobalSection(SolutionConfigurationPlatforms) = preSolution
		Debug|Any CPU = Debug|Any CPU
		Release|Any CPU = Release|Any CPU
	EndGlobalSection
	GlobalSection(ProjectConfigurationPlatforms) = postSolution
		{4DA240F2-8434-4377-A37C-7DB423C4BEF2}.Debug|Any CPU.ActiveCfg = Debug|Any CPU
		{4DA240F2-8434-4377-A37C-7DB423C4BEF2}.Debug|Any CPU.Build.0 = Debug|Any CPU
		{4DA240F2-8434-4377-A37C-7DB423C4BEF2}.Release|Any CPU.ActiveCfg = Release|Any CPU
		{4DA240F2-8434-4377-A37C-7DB423C4BEF2}.Release|Any CPU.Build.0 = Release|Any CPU
		{4F00EF33-04DC-47DC-AE1A-C3B8BB7FE844}.Debug|Any CPU.ActiveCfg = Debug|Any CPU
		{4F00EF33-04DC-47DC-AE1A-C3B8BB7FE844}.Debug|Any CPU.Build.0 = Debug|Any CPU
		{4F00EF33-04DC-47DC-AE1A-C3B8BB7FE844}.Release|Any CPU.ActiveCfg = Release|Any CPU
		{4F00EF33-04DC-47DC-AE1A-C3B8BB7FE844}.Release|Any CPU.Build.0 = Release|Any CPU
		{80288784-0909-4D68-8FFF-2379539DCDE7}.Debug|Any CPU.ActiveCfg = Debug|Any CPU
		{80288784-0909-4D68-8FFF-2379539DCDE7}.Debug|Any CPU.Build.0 = Debug|Any CPU
		{80288784-0909-4D68-8FFF-2379539DCDE7}.Release|Any CPU.ActiveCfg = Release|Any CPU
		{80288784-0909-4D68-8FFF-2379539DCDE7}.Release|Any CPU.Build.0 = Release|Any CPU
		{0FCBFA7F-46B6-4636-88D3-520D4F336270}.Debug|Any CPU.ActiveCfg = Debug|Any CPU
		{0FCBFA7F-46B6-4636-88D3-520D4F336270}.Debug|Any CPU.Build.0 = Debug|Any CPU
		{0FCBFA7F-46B6-4636-88D3-520D4F336270}.Release|Any CPU.ActiveCfg = Release|Any CPU
		{0FCBFA7F-46B6-4636-88D3-520D4F336270}.Release|Any CPU.Build.0 = Release|Any CPU
		{D1AD12F5-75EE-4D86-BE7E-8797541D40CF}.Debug|Any CPU.ActiveCfg = Debug|Any CPU
		{D1AD12F5-75EE-4D86-BE7E-8797541D40CF}.Debug|Any CPU.Build.0 = Debug|Any CPU
		{D1AD12F5-75EE-4D86-BE7E-8797541D40CF}.Release|Any CPU.ActiveCfg = Release|Any CPU
		{D1AD12F5-75EE-4D86-BE7E-8797541D40CF}.Release|Any CPU.Build.0 = Release|Any CPU
		{67FA8149-C342-4554-BBD9-650BEBAB1419}.Debug|Any CPU.ActiveCfg = Debug|Any CPU
		{67FA8149-C342-4554-BBD9-650BEBAB1419}.Debug|Any CPU.Build.0 = Debug|Any CPU
		{67FA8149-C342-4554-BBD9-650BEBAB1419}.Release|Any CPU.ActiveCfg = Release|Any CPU
		{67FA8149-C342-4554-BBD9-650BEBAB1419}.Release|Any CPU.Build.0 = Release|Any CPU
		{417E0969-72A5-4974-A3FD-B972FCF001B5}.Debug|Any CPU.ActiveCfg = Debug|Any CPU
		{417E0969-72A5-4974-A3FD-B972FCF001B5}.Debug|Any CPU.Build.0 = Debug|Any CPU
		{417E0969-72A5-4974-A3FD-B972FCF001B5}.Release|Any CPU.ActiveCfg = Release|Any CPU
		{417E0969-72A5-4974-A3FD-B972FCF001B5}.Release|Any CPU.Build.0 = Release|Any CPU
		{55122B47-232A-4FD4-AEF0-58CA95FE3EC7}.Debug|Any CPU.ActiveCfg = Debug|Any CPU
		{55122B47-232A-4FD4-AEF0-58CA95FE3EC7}.Debug|Any CPU.Build.0 = Debug|Any CPU
		{55122B47-232A-4FD4-AEF0-58CA95FE3EC7}.Release|Any CPU.ActiveCfg = Release|Any CPU
		{55122B47-232A-4FD4-AEF0-58CA95FE3EC7}.Release|Any CPU.Build.0 = Release|Any CPU
		{F77EEE7A-7EEF-4F52-9398-8DE173C1BBC0}.Debug|Any CPU.ActiveCfg = Debug|Any CPU
		{F77EEE7A-7EEF-4F52-9398-8DE173C1BBC0}.Debug|Any CPU.Build.0 = Debug|Any CPU
		{F77EEE7A-7EEF-4F52-9398-8DE173C1BBC0}.Release|Any CPU.ActiveCfg = Release|Any CPU
		{F77EEE7A-7EEF-4F52-9398-8DE173C1BBC0}.Release|Any CPU.Build.0 = Release|Any CPU
		{525279AD-C770-4ADF-BC4D-10A2CFC81308}.Debug|Any CPU.ActiveCfg = Debug|Any CPU
		{525279AD-C770-4ADF-BC4D-10A2CFC81308}.Debug|Any CPU.Build.0 = Debug|Any CPU
		{525279AD-C770-4ADF-BC4D-10A2CFC81308}.Release|Any CPU.ActiveCfg = Release|Any CPU
		{525279AD-C770-4ADF-BC4D-10A2CFC81308}.Release|Any CPU.Build.0 = Release|Any CPU
		{0FAAC024-2981-4A23-9885-5CC75C068508}.Debug|Any CPU.ActiveCfg = Debug|Any CPU
		{0FAAC024-2981-4A23-9885-5CC75C068508}.Debug|Any CPU.Build.0 = Debug|Any CPU
		{0FAAC024-2981-4A23-9885-5CC75C068508}.Release|Any CPU.ActiveCfg = Release|Any CPU
		{0FAAC024-2981-4A23-9885-5CC75C068508}.Release|Any CPU.Build.0 = Release|Any CPU
		{42F8946C-83B3-4686-9C0C-E113A22525AB}.Debug|Any CPU.ActiveCfg = Debug|Any CPU
		{42F8946C-83B3-4686-9C0C-E113A22525AB}.Debug|Any CPU.Build.0 = Debug|Any CPU
		{42F8946C-83B3-4686-9C0C-E113A22525AB}.Release|Any CPU.ActiveCfg = Release|Any CPU
		{42F8946C-83B3-4686-9C0C-E113A22525AB}.Release|Any CPU.Build.0 = Release|Any CPU
		{642A0615-169F-4D00-9F85-345A408C5ACD}.Debug|Any CPU.ActiveCfg = Debug|Any CPU
		{642A0615-169F-4D00-9F85-345A408C5ACD}.Debug|Any CPU.Build.0 = Debug|Any CPU
		{642A0615-169F-4D00-9F85-345A408C5ACD}.Release|Any CPU.ActiveCfg = Release|Any CPU
		{642A0615-169F-4D00-9F85-345A408C5ACD}.Release|Any CPU.Build.0 = Release|Any CPU
		{4413976A-FC9A-4F3B-837C-60F81E151266}.Debug|Any CPU.ActiveCfg = Debug|Any CPU
		{4413976A-FC9A-4F3B-837C-60F81E151266}.Debug|Any CPU.Build.0 = Debug|Any CPU
		{4413976A-FC9A-4F3B-837C-60F81E151266}.Release|Any CPU.ActiveCfg = Release|Any CPU
		{4413976A-FC9A-4F3B-837C-60F81E151266}.Release|Any CPU.Build.0 = Release|Any CPU
	EndGlobalSection
	GlobalSection(SolutionProperties) = preSolution
		HideSolutionNode = FALSE
	EndGlobalSection
	GlobalSection(NestedProjects) = preSolution
		{266BB94D-0BF3-4F06-90D3-9CE57A7932B1} = {CEDA2329-6A9A-4B44-AA18-952A2E3DA650}
		{4DA240F2-8434-4377-A37C-7DB423C4BEF2} = {266BB94D-0BF3-4F06-90D3-9CE57A7932B1}
		{4F00EF33-04DC-47DC-AE1A-C3B8BB7FE844} = {0DE7CADC-094D-41F3-8875-B4B7E13E5C10}
		{80288784-0909-4D68-8FFF-2379539DCDE7} = {AD248EA5-4DCE-46C3-8F04-301559E27DDD}
		{188C3DF3-527C-4140-811F-C52F5BC9B49B} = {CEDA2329-6A9A-4B44-AA18-952A2E3DA650}
		{0FCBFA7F-46B6-4636-88D3-520D4F336270} = {188C3DF3-527C-4140-811F-C52F5BC9B49B}
		{CC35A886-625D-4F4A-ABDC-D730A41E18B0} = {CEDA2329-6A9A-4B44-AA18-952A2E3DA650}
		{D1AD12F5-75EE-4D86-BE7E-8797541D40CF} = {CC35A886-625D-4F4A-ABDC-D730A41E18B0}
		{7452064F-8088-4B2F-BD72-2F8B8142881F} = {CEDA2329-6A9A-4B44-AA18-952A2E3DA650}
		{67FA8149-C342-4554-BBD9-650BEBAB1419} = {7452064F-8088-4B2F-BD72-2F8B8142881F}
		{F1817A71-442F-4186-ABF9-E78BBB598B52} = {CEDA2329-6A9A-4B44-AA18-952A2E3DA650}
		{417E0969-72A5-4974-A3FD-B972FCF001B5} = {F1817A71-442F-4186-ABF9-E78BBB598B52}
		{55122B47-232A-4FD4-AEF0-58CA95FE3EC7} = {F1817A71-442F-4186-ABF9-E78BBB598B52}
		{F77EEE7A-7EEF-4F52-9398-8DE173C1BBC0} = {F1817A71-442F-4186-ABF9-E78BBB598B52}
		{525279AD-C770-4ADF-BC4D-10A2CFC81308} = {F1817A71-442F-4186-ABF9-E78BBB598B52}
		{0FAAC024-2981-4A23-9885-5CC75C068508} = {F1817A71-442F-4186-ABF9-E78BBB598B52}
		{E2704690-535D-4B21-9731-722008CDE764} = {CEDA2329-6A9A-4B44-AA18-952A2E3DA650}
		{42F8946C-83B3-4686-9C0C-E113A22525AB} = {E2704690-535D-4B21-9731-722008CDE764}
		{642A0615-169F-4D00-9F85-345A408C5ACD} = {9D9CCCB1-BB73-4296-96F7-F7D4FF423D30}
		{4413976A-FC9A-4F3B-837C-60F81E151266} = {D540C767-225E-4B01-BF43-DDD50077D77B}
	EndGlobalSection
	GlobalSection(ExtensibilityGlobals) = postSolution
		SolutionGuid = {6C4BA5C1-D466-4D2D-8967-3C80DC807EE4}
	EndGlobalSection
EndGlobal
